
Microsoft Visual Studio Solution File, Format Version 12.00
# Visual Studio Version 17
VisualStudioVersion = 17.1.32319.34
MinimumVisualStudioVersion = 10.0.40219.1
Project("{FAE04EC0-301F-11D3-BF4B-00C04F79EFBC}") = "Abbreviate", "Abbreviate\Abbreviate.csproj", "{9BA702C2-D8BE-44BA-BBE5-DC943C78EA66}"
EndProject
Global
	GlobalSection(SolutionConfigurationPlatforms) = preSolution
		Debug|Any CPU = Debug|Any CPU
		Release|Any CPU = Release|Any CPU
	EndGlobalSection
	GlobalSection(ProjectConfigurationPlatforms) = postSolution
		{9BA702C2-D8BE-44BA-BBE5-DC943C78EA66}.Debug|Any CPU.ActiveCfg = Debug|Any CPU
		{9BA702C2-D8BE-44BA-BBE5-DC943C78EA66}.Debug|Any CPU.Build.0 = Debug|Any CPU
		{9BA702C2-D8BE-44BA-BBE5-DC943C78EA66}.Release|Any CPU.ActiveCfg = Release|Any CPU
		{9BA702C2-D8BE-44BA-BBE5-DC943C78EA66}.Release|Any CPU.Build.0 = Release|Any CPU
	EndGlobalSection
	GlobalSection(SolutionProperties) = preSolution
		HideSolutionNode = FALSE
	EndGlobalSection
	GlobalSection(ExtensibilityGlobals) = postSolution
		SolutionGuid = {32A03B6F-3D26-4DFA-B206-0501A9B304AA}
	EndGlobalSection
EndGlobal
