
Microsoft Visual Studio Solution File, Format Version 12.00
# Visual Studio Version 17
VisualStudioVersion = 17.1.32319.34
MinimumVisualStudioVersion = 10.0.40219.1
Project("{FAE04EC0-301F-11D3-BF4B-00C04F79EFBC}") = "FileSize", "FileSize\FileSize.csproj", "{14D9ECC8-2A52-4190-96AE-053831BB1986}"
EndProject
Global
	GlobalSection(SolutionConfigurationPlatforms) = preSolution
		Debug|Any CPU = Debug|Any CPU
		Release|Any CPU = Release|Any CPU
	EndGlobalSection
	GlobalSection(ProjectConfigurationPlatforms) = postSolution
		{14D9ECC8-2A52-4190-96AE-053831BB1986}.Debug|Any CPU.ActiveCfg = Debug|Any CPU
		{14D9ECC8-2A52-4190-96AE-053831BB1986}.Debug|Any CPU.Build.0 = Debug|Any CPU
		{14D9ECC8-2A52-4190-96AE-053831BB1986}.Release|Any CPU.ActiveCfg = Release|Any CPU
		{14D9ECC8-2A52-4190-96AE-053831BB1986}.Release|Any CPU.Build.0 = Release|Any CPU
	EndGlobalSection
	GlobalSection(SolutionProperties) = preSolution
		HideSolutionNode = FALSE
	EndGlobalSection
	GlobalSection(ExtensibilityGlobals) = postSolution
		SolutionGuid = {3664BD50-1201-4D6A-8164-35CCD41DD4E0}
	EndGlobalSection
EndGlobal
