
Microsoft Visual Studio Solution File, Format Version 12.00
# Visual Studio Version 17
VisualStudioVersion = 17.1.32319.34
MinimumVisualStudioVersion = 10.0.40219.1
Project("{FAE04EC0-301F-11D3-BF4B-00C04F79EFBC}") = "LowerTheCase", "LowerTheCase\LowerTheCase.csproj", "{257B7867-FC83-45DD-ADA0-D6F5E812A537}"
EndProject
Global
	GlobalSection(SolutionConfigurationPlatforms) = preSolution
		Debug|Any CPU = Debug|Any CPU
		Release|Any CPU = Release|Any CPU
	EndGlobalSection
	GlobalSection(ProjectConfigurationPlatforms) = postSolution
		{257B7867-FC83-45DD-ADA0-D6F5E812A537}.Debug|Any CPU.ActiveCfg = Debug|Any CPU
		{257B7867-FC83-45DD-ADA0-D6F5E812A537}.Debug|Any CPU.Build.0 = Debug|Any CPU
		{257B7867-FC83-45DD-ADA0-D6F5E812A537}.Release|Any CPU.ActiveCfg = Release|Any CPU
		{257B7867-FC83-45DD-ADA0-D6F5E812A537}.Release|Any CPU.Build.0 = Release|Any CPU
	EndGlobalSection
	GlobalSection(SolutionProperties) = preSolution
		HideSolutionNode = FALSE
	EndGlobalSection
	GlobalSection(ExtensibilityGlobals) = postSolution
		SolutionGuid = {6E7E9B3F-D623-4B79-AD15-13861A78EA7E}
	EndGlobalSection
EndGlobal
