
Microsoft Visual Studio Solution File, Format Version 12.00
# Visual Studio Version 17
VisualStudioVersion = 17.1.32319.34
MinimumVisualStudioVersion = 10.0.40219.1
Project("{FAE04EC0-301F-11D3-BF4B-00C04F79EFBC}") = "SwapNumbers", "SwapNumbers\SwapNumbers.csproj", "{4596F118-B0A5-466B-BC04-ECD8FBA861ED}"
EndProject
Global
	GlobalSection(SolutionConfigurationPlatforms) = preSolution
		Debug|Any CPU = Debug|Any CPU
		Release|Any CPU = Release|Any CPU
	EndGlobalSection
	GlobalSection(ProjectConfigurationPlatforms) = postSolution
		{4596F118-B0A5-466B-BC04-ECD8FBA861ED}.Debug|Any CPU.ActiveCfg = Debug|Any CPU
		{4596F118-B0A5-466B-BC04-ECD8FBA861ED}.Debug|Any CPU.Build.0 = Debug|Any CPU
		{4596F118-B0A5-466B-BC04-ECD8FBA861ED}.Release|Any CPU.ActiveCfg = Release|Any CPU
		{4596F118-B0A5-466B-BC04-ECD8FBA861ED}.Release|Any CPU.Build.0 = Release|Any CPU
	EndGlobalSection
	GlobalSection(SolutionProperties) = preSolution
		HideSolutionNode = FALSE
	EndGlobalSection
	GlobalSection(ExtensibilityGlobals) = postSolution
		SolutionGuid = {2E04C624-542D-4492-A54E-5FC41732B1BC}
	EndGlobalSection
EndGlobal
